<?xml version="1.0" encoding="utf-8"?>
<Project ToolsVersion="4.0" xmlns="http://schemas.microsoft.com/developer/msbuild/2003">
  <ItemGroup>
    <Filter Include="소스 파일">
      <UniqueIdentifier>{4FC737F1-C7A5-4376-A066-2A32D752A2FF}</UniqueIdentifier>
      <Extensions>cpp;c;cc;cxx;def;odl;idl;hpj;bat;asm;asmx</Extensions>
    </Filter>
    <Filter Include="헤더 파일">
      <UniqueIdentifier>{93995380-89BD-4b04-88EB-625FBE52EBFB}</UniqueIdentifier>
      <Extensions>h;hh;hpp;hxx;hm;inl;inc;xsd</Extensions>
    </Filter>
    <Filter Include="리소스 파일">
      <UniqueIdentifier>{67DA6AB6-F800-4c08-8B7A-83BB121AAD01}</UniqueIdentifier>
      <Extensions>rc;ico;cur;bmp;dlg;rc2;rct;bin;rgs;gif;jpg;jpeg;jpe;resx;tiff;tif;png;wav;mfcribbon-ms</Extensions>
    </Filter>
  </ItemGroup>
  <ItemGroup>
    <ClCompile Include="..\PJ_Testing\exceptions2.cpp">
      <Filter>소스 파일</Filter>
    </ClCompile>
    <ClCompile Include="..\PJ_Testing\exceptions1.cpp">
      <Filter>소스 파일</Filter>
    </ClCompile>
    <ClCompile Include="..\PJ_Testing\byteStream_stream_conv.cpp">
      <Filter>소스 파일</Filter>
    </ClCompile>
    <ClCompile Include="..\PJ_Testing\str_swap.cpp">
      <Filter>소스 파일</Filter>
    </ClCompile>
    <ClCompile Include="..\PJ_Testing\move_semantic.cpp">
      <Filter>소스 파일</Filter>
    </ClCompile>
    <ClCompile Include="..\PJ_Testing\unordered_map.cpp">
      <Filter>소스 파일</Filter>
    </ClCompile>
    <ClCompile Include="..\PJ_Testing\random.cpp">
      <Filter>소스 파일</Filter>
    </ClCompile>
    <ClCompile Include="..\PJ_Testing\shr-ptr-container.cpp">
      <Filter>소스 파일</Filter>
    </ClCompile>
    <ClCompile Include="..\PJ_Testing\md-vec.cpp">
      <Filter>소스 파일</Filter>
    </ClCompile>
    <ClCompile Include="..\PJ_Testing\rvo.cpp">
      <Filter>소스 파일</Filter>
    </ClCompile>
    <ClCompile Include="..\PJ_Testing\dy_cast.cpp">
      <Filter>소스 파일</Filter>
    </ClCompile>
    <ClCompile Include="..\PJ_Testing\staticMemberItself.cpp">
      <Filter>소스 파일</Filter>
    </ClCompile>
    <ClCompile Include="..\PJ_Testing\seekgVStellg.cpp">
      <Filter>소스 파일</Filter>
    </ClCompile>
    <ClCompile Include="..\PJ_Testing\staticVar-test.cpp">
      <Filter>소스 파일</Filter>
    </ClCompile>
    <ClCompile Include="..\PJ_Testing\staticVar-test-main.cpp">
      <Filter>소스 파일</Filter>
    </ClCompile>
    <ClCompile Include="..\PJ_Testing\singleton.cpp">
      <Filter>소스 파일</Filter>
    </ClCompile>
    <ClCompile Include="..\PJ_Testing\singleton2_header.cpp">
      <Filter>소스 파일</Filter>
    </ClCompile>
    <ClCompile Include="..\PJ_Testing\singleton2_main.cpp">
      <Filter>소스 파일</Filter>
    </ClCompile>
    <ClCompile Include="..\PJ_Testing\RVObyRef.cpp">
      <Filter>소스 파일</Filter>
    </ClCompile>
    <ClCompile Include="..\PJ_Testing\shr-ref.cpp">
      <Filter>소스 파일</Filter>
    </ClCompile>
    <ClCompile Include="..\PJ_Testing\shr_ptr.cpp">
      <Filter>소스 파일</Filter>
    </ClCompile>
    <ClCompile Include="..\PJ_Testing\objStorage.cpp">
      <Filter>소스 파일</Filter>
    </ClCompile>
  </ItemGroup>
  <ItemGroup>
    <ClInclude Include="..\PJ_Testing\staticVar-test.h">
      <Filter>소스 파일</Filter>
    </ClInclude>
    <ClInclude Include="..\PJ_Testing\singleton2_header.h">
      <Filter>소스 파일</Filter>
    </ClInclude>
  </ItemGroup>
</Project>